
Microsoft Visual Studio Solution File, Format Version 12.00
# Visual Studio Version 17
VisualStudioVersion = 17.7.34018.315
MinimumVisualStudioVersion = 10.0.40219.1
Project("{FAE04EC0-301F-11D3-BF4B-00C04F79EFBC}") = "WebApi", "WebApi\WebApi.csproj", "{4D113952-258B-4F40-912A-6D567E551BDD}"
EndProject
Project("{FAE04EC0-301F-11D3-BF4B-00C04F79EFBC}") = "Persistence", "Persistence\Persistence.csproj", "{28217DE4-41A7-41F8-8003-1A43ECE2A339}"
EndProject
Project("{FAE04EC0-301F-11D3-BF4B-00C04F79EFBC}") = "Domain", "Domain\Domain.csproj", "{F7E9234D-8AEB-4C6C-918E-2D7DA53ECF3C}"
EndProject
Project("{FAE04EC0-301F-11D3-BF4B-00C04F79EFBC}") = "Application", "Application\Application.csproj", "{99826B26-7080-47AE-85D2-192F62A62CE6}"
EndProject
Project("{FAE04EC0-301F-11D3-BF4B-00C04F79EFBC}") = "Infrastructure", "Infrastructure\Infrastructure.csproj", "{FC3D4785-21EA-4E3C-AF74-84E046DE946F}"
EndProject
Global
	GlobalSection(SolutionConfigurationPlatforms) = preSolution
		Debug|Any CPU = Debug|Any CPU
		Release|Any CPU = Release|Any CPU
	EndGlobalSection
	GlobalSection(ProjectConfigurationPlatforms) = postSolution
		{4D113952-258B-4F40-912A-6D567E551BDD}.Debug|Any CPU.ActiveCfg = Debug|Any CPU
		{4D113952-258B-4F40-912A-6D567E551BDD}.Debug|Any CPU.Build.0 = Debug|Any CPU
		{4D113952-258B-4F40-912A-6D567E551BDD}.Release|Any CPU.ActiveCfg = Release|Any CPU
		{4D113952-258B-4F40-912A-6D567E551BDD}.Release|Any CPU.Build.0 = Release|Any CPU
		{28217DE4-41A7-41F8-8003-1A43ECE2A339}.Debug|Any CPU.ActiveCfg = Debug|Any CPU
		{28217DE4-41A7-41F8-8003-1A43ECE2A339}.Debug|Any CPU.Build.0 = Debug|Any CPU
		{28217DE4-41A7-41F8-8003-1A43ECE2A339}.Release|Any CPU.ActiveCfg = Release|Any CPU
		{28217DE4-41A7-41F8-8003-1A43ECE2A339}.Release|Any CPU.Build.0 = Release|Any CPU
		{F7E9234D-8AEB-4C6C-918E-2D7DA53ECF3C}.Debug|Any CPU.ActiveCfg = Debug|Any CPU
		{F7E9234D-8AEB-4C6C-918E-2D7DA53ECF3C}.Debug|Any CPU.Build.0 = Debug|Any CPU
		{F7E9234D-8AEB-4C6C-918E-2D7DA53ECF3C}.Release|Any CPU.ActiveCfg = Release|Any CPU
		{F7E9234D-8AEB-4C6C-918E-2D7DA53ECF3C}.Release|Any CPU.Build.0 = Release|Any CPU
		{99826B26-7080-47AE-85D2-192F62A62CE6}.Debug|Any CPU.ActiveCfg = Debug|Any CPU
		{99826B26-7080-47AE-85D2-192F62A62CE6}.Debug|Any CPU.Build.0 = Debug|Any CPU
		{99826B26-7080-47AE-85D2-192F62A62CE6}.Release|Any CPU.ActiveCfg = Release|Any CPU
		{99826B26-7080-47AE-85D2-192F62A62CE6}.Release|Any CPU.Build.0 = Release|Any CPU
		{FC3D4785-21EA-4E3C-AF74-84E046DE946F}.Debug|Any CPU.ActiveCfg = Debug|Any CPU
		{FC3D4785-21EA-4E3C-AF74-84E046DE946F}.Debug|Any CPU.Build.0 = Debug|Any CPU
		{FC3D4785-21EA-4E3C-AF74-84E046DE946F}.Release|Any CPU.ActiveCfg = Release|Any CPU
		{FC3D4785-21EA-4E3C-AF74-84E046DE946F}.Release|Any CPU.Build.0 = Release|Any CPU
	EndGlobalSection
	GlobalSection(SolutionProperties) = preSolution
		HideSolutionNode = FALSE
	EndGlobalSection
	GlobalSection(ExtensibilityGlobals) = postSolution
		SolutionGuid = {214CB239-C7CB-429D-A750-3C3621051E22}
	EndGlobalSection
EndGlobal
